// !$*UTF8*$!
{
	archiveVersion = 1;
	classes = {
	};
	objectVersion = 50;
	objects = {

/* Begin PBXBuildFile section */
		67A9499B2580A857000F1AF2 /* UI_67App.swift in Sources */ = {isa = PBXBuildFile; fileRef = 67A9499A2580A857000F1AF2 /* UI_67App.swift */; };
		67A9499D2580A857000F1AF2 /* ContentView.swift in Sources */ = {isa = PBXBuildFile; fileRef = 67A9499C2580A857000F1AF2 /* ContentView.swift */; };
		67A9499F2580A858000F1AF2 /* Assets.xcassets in Resources */ = {isa = PBXBuildFile; fileRef = 67A9499E2580A858000F1AF2 /* Assets.xcassets */; };
		67A949A22580A858000F1AF2 /* Preview Assets.xcassets in Resources */ = {isa = PBXBuildFile; fileRef = 67A949A12580A858000F1AF2 /* Preview Assets.xcassets */; };
		67A949AD2580A859000F1AF2 /* UI_67Tests.swift in Sources */ = {isa = PBXBuildFile; fileRef = 67A949AC2580A859000F1AF2 /* UI_67Tests.swift */; };
		67A949B82580A859000F1AF2 /* UI_67UITests.swift in Sources */ = {isa = PBXBuildFile; fileRef = 67A949B72580A859000F1AF2 /* UI_67UITests.swift */; };
/* End PBXBuildFile section */

/* Begin PBXContainerItemProxy section */
		67A949A92580A859000F1AF2 /* PBXContainerItemProxy */ = {
			isa = PBXContainerItemProxy;
			containerPortal = 67A9498F2580A857000F1AF2 /* Project object */;
			proxyType = 1;
			remoteGlobalIDString = 67A949962580A857000F1AF2;
			remoteInfo = "UI-67";
		};
		67A949B42580A859000F1AF2 /* PBXContainerItemProxy */ = {
			isa = PBXContainerItemProxy;
			containerPortal = 67A9498F2580A857000F1AF2 /* Project object */;
			proxyType = 1;
			remoteGlobalIDString = 67A949962580A857000F1AF2;
			remoteInfo = "UI-67";
		};
/* End PBXContainerItemProxy section */

/* Begin PBXFileReference section */
		67A949972580A857000F1AF2 /* UI-67.app */ = {isa = PBXFileReference; explicitFileType = wrapper.application; includeInIndex = 0; path = "UI-67.app"; sourceTree = BUILT_PRODUCTS_DIR; };
		67A9499A2580A857000F1AF2 /* UI_67App.swift */ = {isa = PBXFileReference; lastKnownFileType = sourcecode.swift; path = UI_67App.swift; sourceTree = "<group>"; };
		67A9499C2580A857000F1AF2 /* ContentView.swift */ = {isa = PBXFileReference; lastKnownFileType = sourcecode.swift; path = ContentView.swift; sourceTree = "<group>"; };
		67A9499E2580A858000F1AF2 /* Assets.xcassets */ = {isa = PBXFileReference; lastKnownFileType = folder.assetcatalog; path = Assets.xcassets; sourceTree = "<group>"; };
		67A949A12580A858000F1AF2 /* Preview Assets.xcassets */ = {isa = PBXFileReference; lastKnownFileType = folder.assetcatalog; path = "Preview Assets.xcassets"; sourceTree = "<group>"; };
		67A949A32580A858000F1AF2 /* Info.plist */ = {isa = PBXFileReference; lastKnownFileType = text.plist.xml; path = Info.plist; sourceTree = "<group>"; };
		67A949A82580A859000F1AF2 /* UI-67Tests.xctest */ = {isa = PBXFileReference; explicitFileType = wrapper.cfbundle; includeInIndex = 0; path = "UI-67Tests.xctest"; sourceTree = BUILT_PRODUCTS_DIR; };
		67A949AC2580A859000F1AF2 /* UI_67Tests.swift */ = {isa = PBXFileReference; lastKnownFileType = sourcecode.swift; path = UI_67Tests.swift; sourceTree = "<group>"; };
		67A949AE2580A859000F1AF2 /* Info.plist */ = {isa = PBXFileReference; lastKnownFileType = text.plist.xml; path = Info.plist; sourceTree = "<group>"; };
		67A949B32580A859000F1AF2 /* UI-67UITests.xctest */ = {isa = PBXFileReference; explicitFileType = wrapper.cfbundle; includeInIndex = 0; path = "UI-67UITests.xctest"; sourceTree = BUILT_PRODUCTS_DIR; };
		67A949B72580A859000F1AF2 /* UI_67UITests.swift */ = {isa = PBXFileReference; lastKnownFileType = sourcecode.swift; path = UI_67UITests.swift; sourceTree = "<group>"; };
		67A949B92580A859000F1AF2 /* Info.plist */ = {isa = PBXFileReference; lastKnownFileType = text.plist.xml; path = Info.plist; sourceTree = "<group>"; };
/* End PBXFileReference section */

/* Begin PBXFrameworksBuildPhase section */
		67A949942580A857000F1AF2 /* Frameworks */ = {
			isa = PBXFrameworksBuildPhase;
			buildActionMask = 2147483647;
			files = (
			);
			runOnlyForDeploymentPostprocessing = 0;
		};
		67A949A52580A859000F1AF2 /* Frameworks */ = {
			isa = PBXFrameworksBuildPhase;
			buildActionMask = 2147483647;
			files = (
			);
			runOnlyForDeploymentPostprocessing = 0;
		};
		67A949B02580A859000F1AF2 /* Frameworks */ = {
			isa = PBXFrameworksBuildPhase;
			buildActionMask = 2147483647;
			files = (
			);
			runOnlyForDeploymentPostprocessing = 0;
		};
/* End PBXFrameworksBuildPhase section */

/* Begin PBXGroup section */
		67A9498E2580A857000F1AF2 = {
			isa = PBXGroup;
			children = (
				67A949992580A857000F1AF2 /* UI-67 */,
				67A949AB2580A859000F1AF2 /* UI-67Tests */,
				67A949B62580A859000F1AF2 /* UI-67UITests */,
				67A949982580A857000F1AF2 /* Products */,
			);
			sourceTree = "<group>";
		};
		67A949982580A857000F1AF2 /* Products */ = {
			isa = PBXGroup;
			children = (
				67A949972580A857000F1AF2 /* UI-67.app */,
				67A949A82580A859000F1AF2 /* UI-67Tests.xctest */,
				67A949B32580A859000F1AF2 /* UI-67UITests.xctest */,
			);
			name = Products;
			sourceTree = "<group>";
		};
		67A949992580A857000F1AF2 /* UI-67 */ = {
			isa = PBXGroup;
			children = (
				67A9499A2580A857000F1AF2 /* UI_67App.swift */,
				67A9499C2580A857000F1AF2 /* ContentView.swift */,
				67A9499E2580A858000F1AF2 /* Assets.xcassets */,
				67A949A32580A858000F1AF2 /* Info.plist */,
				67A949A02580A858000F1AF2 /* Preview Content */,
			);
			path = "UI-67";
			sourceTree = "<group>";
		};
		67A949A02580A858000F1AF2 /* Preview Content */ = {
			isa = PBXGroup;
			children = (
				67A949A12580A858000F1AF2 /* Preview Assets.xcassets */,
			);
			path = "Preview Content";
			sourceTree = "<group>";
		};
		67A949AB2580A859000F1AF2 /* UI-67Tests */ = {
			isa = PBXGroup;
			children = (
				67A949AC2580A859000F1AF2 /* UI_67Tests.swift */,
				67A949AE2580A859000F1AF2 /* Info.plist */,
			);
			path = "UI-67Tests";
			sourceTree = "<group>";
		};
		67A949B62580A859000F1AF2 /* UI-67UITests */ = {
			isa = PBXGroup;
			children = (
				67A949B72580A859000F1AF2 /* UI_67UITests.swift */,
				67A949B92580A859000F1AF2 /* Info.plist */,
			);
			path = "UI-67UITests";
			sourceTree = "<group>";
		};
/* End PBXGroup section */

/* Begin PBXNativeTarget section */
		67A949962580A857000F1AF2 /* UI-67 */ = {
			isa = PBXNativeTarget;
			buildConfigurationList = 67A949BC2580A859000F1AF2 /* Build configuration list for PBXNativeTarget "UI-67" */;
			buildPhases = (
				67A949932580A857000F1AF2 /* Sources */,
				67A949942580A857000F1AF2 /* Frameworks */,
				67A949952580A857000F1AF2 /* Resources */,
			);
			buildRules = (
			);
			dependencies = (
			);
			name = "UI-67";
			productName = "UI-67";
			productReference = 67A949972580A857000F1AF2 /* UI-67.app */;
			productType = "com.apple.product-type.application";
		};
		67A949A72580A859000F1AF2 /* UI-67Tests */ = {
			isa = PBXNativeTarget;
			buildConfigurationList = 67A949BF2580A859000F1AF2 /* Build configuration list for PBXNativeTarget "UI-67Tests" */;
			buildPhases = (
				67A949A42580A859000F1AF2 /* Sources */,
				67A949A52580A859000F1AF2 /* Frameworks */,
				67A949A62580A859000F1AF2 /* Resources */,
			);
			buildRules = (
			);
			dependencies = (
				67A949AA2580A859000F1AF2 /* PBXTargetDependency */,
			);
			name = "UI-67Tests";
			productName = "UI-67Tests";
			productReference = 67A949A82580A859000F1AF2 /* UI-67Tests.xctest */;
			productType = "com.apple.product-type.bundle.unit-test";
		};
		67A949B22580A859000F1AF2 /* UI-67UITests */ = {
			isa = PBXNativeTarget;
			buildConfigurationList = 67A949C22580A859000F1AF2 /* Build configuration list for PBXNativeTarget "UI-67UITests" */;
			buildPhases = (
				67A949AF2580A859000F1AF2 /* Sources */,
				67A949B02580A859000F1AF2 /* Frameworks */,
				67A949B12580A859000F1AF2 /* Resources */,
			);
			buildRules = (
			);
			dependencies = (
				67A949B52580A859000F1AF2 /* PBXTargetDependency */,
			);
			name = "UI-67UITests";
			productName = "UI-67UITests";
			productReference = 67A949B32580A859000F1AF2 /* UI-67UITests.xctest */;
			productType = "com.apple.product-type.bundle.ui-testing";
		};
/* End PBXNativeTarget section */

/* Begin PBXProject section */
		67A9498F2580A857000F1AF2 /* Project object */ = {
			isa = PBXProject;
			attributes = {
				LastSwiftUpdateCheck = 1220;
				LastUpgradeCheck = 1220;
				TargetAttributes = {
					67A949962580A857000F1AF2 = {
						CreatedOnToolsVersion = 12.2;
					};
					67A949A72580A859000F1AF2 = {
						CreatedOnToolsVersion = 12.2;
						TestTargetID = 67A949962580A857000F1AF2;
					};
					67A949B22580A859000F1AF2 = {
						CreatedOnToolsVersion = 12.2;
						TestTargetID = 67A949962580A857000F1AF2;
					};
				};
			};
			buildConfigurationList = 67A949922580A857000F1AF2 /* Build configuration list for PBXProject "UI-67" */;
			compatibilityVersion = "Xcode 9.3";
			developmentRegion = en;
			hasScannedForEncodings = 0;
			knownRegions = (
				en,
				Base,
			);
			mainGroup = 67A9498E2580A857000F1AF2;
			productRefGroup = 67A949982580A857000F1AF2 /* Products */;
			projectDirPath = "";
			projectRoot = "";
			targets = (
				67A949962580A857000F1AF2 /* UI-67 */,
				67A949A72580A859000F1AF2 /* UI-67Tests */,
				67A949B22580A859000F1AF2 /* UI-67UITests */,
			);
		};
/* End PBXProject section */

/* Begin PBXResourcesBuildPhase section */
		67A949952580A857000F1AF2 /* Resources */ = {
			isa = PBXResourcesBuildPhase;
			buildActionMask = 2147483647;
			files = (
				67A949A22580A858000F1AF2 /* Preview Assets.xcassets in Resources */,
				67A9499F2580A858000F1AF2 /* Assets.xcassets in Resources */,
			);
			runOnlyForDeploymentPostprocessing = 0;
		};
		67A949A62580A859000F1AF2 /* Resources */ = {
			isa = PBXResourcesBuildPhase;
			buildActionMask = 2147483647;
			files = (
			);
			runOnlyForDeploymentPostprocessing = 0;
		};
		67A949B12580A859000F1AF2 /* Resources */ = {
			isa = PBXResourcesBuildPhase;
			buildActionMask = 2147483647;
			files = (
			);
			runOnlyForDeploymentPostprocessing = 0;
		};
/* End PBXResourcesBuildPhase section */

/* Begin PBXSourcesBuildPhase section */
		67A949932580A857000F1AF2 /* Sources */ = {
			isa = PBXSourcesBuildPhase;
			buildActionMask = 2147483647;
			files = (
				67A9499D2580A857000F1AF2 /* ContentView.swift in Sources */,
				67A9499B2580A857000F1AF2 /* UI_67App.swift in Sources */,
			);
			runOnlyForDeploymentPostprocessing = 0;
		};
		67A949A42580A859000F1AF2 /* Sources */ = {
			isa = PBXSourcesBuildPhase;
			buildActionMask = 2147483647;
			files = (
				67A949AD2580A859000F1AF2 /* UI_67Tests.swift in Sources */,
			);
			runOnlyForDeploymentPostprocessing = 0;
		};
		67A949AF2580A859000F1AF2 /* Sources */ = {
			isa = PBXSourcesBuildPhase;
			buildActionMask = 2147483647;
			files = (
				67A949B82580A859000F1AF2 /* UI_67UITests.swift in Sources */,
			);
			runOnlyForDeploymentPostprocessing = 0;
		};
/* End PBXSourcesBuildPhase section */

/* Begin PBXTargetDependency section */
		67A949AA2580A859000F1AF2 /* PBXTargetDependency */ = {
			isa = PBXTargetDependency;
			target = 67A949962580A857000F1AF2 /* UI-67 */;
			targetProxy = 67A949A92580A859000F1AF2 /* PBXContainerItemProxy */;
		};
		67A949B52580A859000F1AF2 /* PBXTargetDependency */ = {
			isa = PBXTargetDependency;
			target = 67A949962580A857000F1AF2 /* UI-67 */;
			targetProxy = 67A949B42580A859000F1AF2 /* PBXContainerItemProxy */;
		};
/* End PBXTargetDependency section */

/* Begin XCBuildConfiguration section */
		67A949BA2580A859000F1AF2 /* Debug */ = {
			isa = XCBuildConfiguration;
			buildSettings = {
				ALWAYS_SEARCH_USER_PATHS = NO;
				CLANG_ANALYZER_NONNULL = YES;
				CLANG_ANALYZER_NUMBER_OBJECT_CONVERSION = YES_AGGRESSIVE;
				CLANG_CXX_LANGUAGE_STANDARD = "gnu++14";
				CLANG_CXX_LIBRARY = "libc++";
				CLANG_ENABLE_MODULES = YES;
				CLANG_ENABLE_OBJC_ARC = YES;
				CLANG_ENABLE_OBJC_WEAK = YES;
				CLANG_WARN_BLOCK_CAPTURE_AUTORELEASING = YES;
				CLANG_WARN_BOOL_CONVERSION = YES;
				CLANG_WARN_COMMA = YES;
				CLANG_WARN_CONSTANT_CONVERSION = YES;
				CLANG_WARN_DEPRECATED_OBJC_IMPLEMENTATIONS = YES;
				CLANG_WARN_DIRECT_OBJC_ISA_USAGE = YES_ERROR;
				CLANG_WARN_DOCUMENTATION_COMMENTS = YES;
				CLANG_WARN_EMPTY_BODY = YES;
				CLANG_WARN_ENUM_CONVERSION = YES;
				CLANG_WARN_INFINITE_RECURSION = YES;
				CLANG_WARN_INT_CONVERSION = YES;
				CLANG_WARN_NON_LITERAL_NULL_CONVERSION = YES;
				CLANG_WARN_OBJC_IMPLICIT_RETAIN_SELF = YES;
				CLANG_WARN_OBJC_LITERAL_CONVERSION = YES;
				CLANG_WARN_OBJC_ROOT_CLASS = YES_ERROR;
				CLANG_WARN_QUOTED_INCLUDE_IN_FRAMEWORK_HEADER = YES;
				CLANG_WARN_RANGE_LOOP_ANALYSIS = YES;
				CLANG_WARN_STRICT_PROTOTYPES = YES;
				CLANG_WARN_SUSPICIOUS_MOVE = YES;
				CLANG_WARN_UNGUARDED_AVAILABILITY = YES_AGGRESSIVE;
				CLANG_WARN_UNREACHABLE_CODE = YES;
				CLANG_WARN__DUPLICATE_METHOD_MATCH = YES;
				COPY_PHASE_STRIP = NO;
				DEBUG_INFORMATION_FORMAT = dwarf;
				ENABLE_STRICT_OBJC_MSGSEND = YES;
				ENABLE_TESTABILITY = YES;
				GCC_C_LANGUAGE_STANDARD = gnu11;
				GCC_DYNAMIC_NO_PIC = NO;
				GCC_NO_COMMON_BLOCKS = YES;
				GCC_OPTIMIZATION_LEVEL = 0;
				GCC_PREPROCESSOR_DEFINITIONS = (
					"DEBUG=1",
					"$(inherited)",
				);
				GCC_WARN_64_TO_32_BIT_CONVERSION = YES;
				GCC_WARN_ABOUT_RETURN_TYPE = YES_ERROR;
				GCC_WARN_UNDECLARED_SELECTOR = YES;
				GCC_WARN_UNINITIALIZED_AUTOS = YES_AGGRESSIVE;
				GCC_WARN_UNUSED_FUNCTION = YES;
				GCC_WARN_UNUSED_VARIABLE = YES;
				IPHONEOS_DEPLOYMENT_TARGET = 14.2;
				MTL_ENABLE_DEBUG_INFO = INCLUDE_SOURCE;
				MTL_FAST_MATH = YES;
				ONLY_ACTIVE_ARCH = YES;
				SDKROOT = iphoneos;
				SWIFT_ACTIVE_COMPILATION_CONDITIONS = DEBUG;
				SWIFT_OPTIMIZATION_LEVEL = "-Onone";
			};
			name = Debug;
		};
		67A949BB2580A859000F1AF2 /* Release */ = {
			isa = XCBuildConfiguration;
			buildSettings = {
				ALWAYS_SEARCH_USER_PATHS = NO;
				CLANG_ANALYZER_NONNULL = YES;
				CLANG_ANALYZER_NUMBER_OBJECT_CONVERSION = YES_AGGRESSIVE;
				CLANG_CXX_LANGUAGE_STANDARD = "gnu++14";
				CLANG_CXX_LIBRARY = "libc++";
				CLANG_ENABLE_MODULES = YES;
				CLANG_ENABLE_OBJC_ARC = YES;
				CLANG_ENABLE_OBJC_WEAK = YES;
				CLANG_WARN_BLOCK_CAPTURE_AUTORELEASING = YES;
				CLANG_WARN_BOOL_CONVERSION = YES;
				CLANG_WARN_COMMA = YES;
				CLANG_WARN_CONSTANT_CONVERSION = YES;
				CLANG_WARN_DEPRECATED_OBJC_IMPLEMENTATIONS = YES;
				CLANG_WARN_DIRECT_OBJC_ISA_USAGE = YES_ERROR;
				CLANG_WARN_DOCUMENTATION_COMMENTS = YES;
				CLANG_WARN_EMPTY_BODY = YES;
				CLANG_WARN_ENUM_CONVERSION = YES;
				CLANG_WARN_INFINITE_RECURSION = YES;
				CLANG_WARN_INT_CONVERSION = YES;
				CLANG_WARN_NON_LITERAL_NULL_CONVERSION = YES;
				CLANG_WARN_OBJC_IMPLICIT_RETAIN_SELF = YES;
				CLANG_WARN_OBJC_LITERAL_CONVERSION = YES;
				CLANG_WARN_OBJC_ROOT_CLASS = YES_ERROR;
				CLANG_WARN_QUOTED_INCLUDE_IN_FRAMEWORK_HEADER = YES;
				CLANG_WARN_RANGE_LOOP_ANALYSIS = YES;
				CLANG_WARN_STRICT_PROTOTYPES = YES;
				CLANG_WARN_SUSPICIOUS_MOVE = YES;
				CLANG_WARN_UNGUARDED_AVAILABILITY = YES_AGGRESSIVE;
				CLANG_WARN_UNREACHABLE_CODE = YES;
				CLANG_WARN__DUPLICATE_METHOD_MATCH = YES;
				COPY_PHASE_STRIP = NO;
				DEBUG_INFORMATION_FORMAT = "dwarf-with-dsym";
				ENABLE_NS_ASSERTIONS = NO;
				ENABLE_STRICT_OBJC_MSGSEND = YES;
				GCC_C_LANGUAGE_STANDARD = gnu11;
				GCC_NO_COMMON_BLOCKS = YES;
				GCC_WARN_64_TO_32_BIT_CONVERSION = YES;
				GCC_WARN_ABOUT_RETURN_TYPE = YES_ERROR;
				GCC_WARN_UNDECLARED_SELECTOR = YES;
				GCC_WARN_UNINITIALIZED_AUTOS = YES_AGGRESSIVE;
				GCC_WARN_UNUSED_FUNCTION = YES;
				GCC_WARN_UNUSED_VARIABLE = YES;
				IPHONEOS_DEPLOYMENT_TARGET = 14.2;
				MTL_ENABLE_DEBUG_INFO = NO;
				MTL_FAST_MATH = YES;
				SDKROOT = iphoneos;
				SWIFT_COMPILATION_MODE = wholemodule;
				SWIFT_OPTIMIZATION_LEVEL = "-O";
				VALIDATE_PRODUCT = YES;
			};
			name = Release;
		};
		67A949BD2580A859000F1AF2 /* Debug */ = {
			isa = XCBuildConfiguration;
			buildSettings = {
				ASSETCATALOG_COMPILER_APPICON_NAME = AppIcon;
				ASSETCATALOG_COMPILER_GLOBAL_ACCENT_COLOR_NAME = AccentColor;
				CODE_SIGN_STYLE = Automatic;
				DEVELOPMENT_ASSET_PATHS = "\"UI-67/Preview Content\"";
				ENABLE_PREVIEWS = YES;
				INFOPLIST_FILE = "UI-67/Info.plist";
				IPHONEOS_DEPLOYMENT_TARGET = 14.0;
				LD_RUNPATH_SEARCH_PATHS = (
					"$(inherited)",
					"@executable_path/Frameworks",
				);
				PRODUCT_BUNDLE_IDENTIFIER = "com.uzu.UI-67";
				PRODUCT_NAME = "$(TARGET_NAME)";
				SWIFT_VERSION = 5.0;
				TARGETED_DEVICE_FAMILY = "1,2";
			};
			name = Debug;
		};
		67A949BE2580A859000F1AF2 /* Release */ = {
			isa = XCBuildConfiguration;
			buildSettings = {
				ASSETCATALOG_COMPILER_APPICON_NAME = AppIcon;
				ASSETCATALOG_COMPILER_GLOBAL_ACCENT_COLOR_NAME = AccentColor;
				CODE_SIGN_STYLE = Automatic;
				DEVELOPMENT_ASSET_PATHS = "\"UI-67/Preview Content\"";
				ENABLE_PREVIEWS = YES;
				INFOPLIST_FILE = "UI-67/Info.plist";
				IPHONEOS_DEPLOYMENT_TARGET = 14.0;
				LD_RUNPATH_SEARCH_PATHS = (
					"$(inherited)",
					"@executable_path/Frameworks",
				);
				PRODUCT_BUNDLE_IDENTIFIER = "com.uzu.UI-67";
				PRODUCT_NAME = "$(TARGET_NAME)";
				SWIFT_VERSION = 5.0;
				TARGETED_DEVICE_FAMILY = "1,2";
			};
			name = Release;
		};
		67A949C02580A859000F1AF2 /* Debug */ = {
			isa = XCBuildConfiguration;
			buildSettings = {
				ALWAYS_EMBED_SWIFT_STANDARD_LIBRARIES = YES;
				BUNDLE_LOADER = "$(TEST_HOST)";
				CODE_SIGN_STYLE = Automatic;
				INFOPLIST_FILE = "UI-67Tests/Info.plist";
				IPHONEOS_DEPLOYMENT_TARGET = 14.0;
				LD_RUNPATH_SEARCH_PATHS = (
					"$(inherited)",
					"@executable_path/Frameworks",
					"@loader_path/Frameworks",
				);
				PRODUCT_BUNDLE_IDENTIFIER = "com.uzu.UI-67Tests";
				PRODUCT_NAME = "$(TARGET_NAME)";
				SWIFT_VERSION = 5.0;
				TARGETED_DEVICE_FAMILY = "1,2";
				TEST_HOST = "$(BUILT_PRODUCTS_DIR)/UI-67.app/UI-67";
			};
			name = Debug;
		};
		67A949C12580A859000F1AF2 /* Release */ = {
			isa = XCBuildConfiguration;
			buildSettings = {
				ALWAYS_EMBED_SWIFT_STANDARD_LIBRARIES = YES;
				BUNDLE_LOADER = "$(TEST_HOST)";
				CODE_SIGN_STYLE = Automatic;
				INFOPLIST_FILE = "UI-67Tests/Info.plist";
				IPHONEOS_DEPLOYMENT_TARGET = 14.0;
				LD_RUNPATH_SEARCH_PATHS = (
					"$(inherited)",
					"@executable_path/Frameworks",
					"@loader_path/Frameworks",
				);
				PRODUCT_BUNDLE_IDENTIFIER = "com.uzu.UI-67Tests";
				PRODUCT_NAME = "$(TARGET_NAME)";
				SWIFT_VERSION = 5.0;
				TARGETED_DEVICE_FAMILY = "1,2";
				TEST_HOST = "$(BUILT_PRODUCTS_DIR)/UI-67.app/UI-67";
			};
			name = Release;
		};
		67A949C32580A859000F1AF2 /* Debug */ = {
			isa = XCBuildConfiguration;
			buildSettings = {
				ALWAYS_EMBED_SWIFT_STANDARD_LIBRARIES = YES;
				CODE_SIGN_STYLE = Automatic;
				INFOPLIST_FILE = "UI-67UITests/Info.plist";
				LD_RUNPATH_SEARCH_PATHS = (
					"$(inherited)",
					"@executable_path/Frameworks",
					"@loader_path/Frameworks",
				);
				PRODUCT_BUNDLE_IDENTIFIER = "com.uzu.UI-67UITests";
				PRODUCT_NAME = "$(TARGET_NAME)";
				SWIFT_VERSION = 5.0;
				TARGETED_DEVICE_FAMILY = "1,2";
				TEST_TARGET_NAME = "UI-67";
			};
			name = Debug;
		};
		67A949C42580A859000F1AF2 /* Release */ = {
			isa = XCBuildConfiguration;
			buildSettings = {
				ALWAYS_EMBED_SWIFT_STANDARD_LIBRARIES = YES;
				CODE_SIGN_STYLE = Automatic;
				INFOPLIST_FILE = "UI-67UITests/Info.plist";
				LD_RUNPATH_SEARCH_PATHS = (
					"$(inherited)",
					"@executable_path/Frameworks",
					"@loader_path/Frameworks",
				);
				PRODUCT_BUNDLE_IDENTIFIER = "com.uzu.UI-67UITests";
				PRODUCT_NAME = "$(TARGET_NAME)";
				SWIFT_VERSION = 5.0;
				TARGETED_DEVICE_FAMILY = "1,2";
				TEST_TARGET_NAME = "UI-67";
			};
			name = Release;
		};
/* End XCBuildConfiguration section */

/* Begin XCConfigurationList section */
		67A949922580A857000F1AF2 /* Build configuration list for PBXProject "UI-67" */ = {
			isa = XCConfigurationList;
			buildConfigurations = (
				67A949BA2580A859000F1AF2 /* Debug */,
				67A949BB2580A859000F1AF2 /* Release */,
			);
			defaultConfigurationIsVisible = 0;
			defaultConfigurationName = Release;
		};
		67A949BC2580A859000F1AF2 /* Build configuration list for PBXNativeTarget "UI-67" */ = {
			isa = XCConfigurationList;
			buildConfigurations = (
				67A949BD2580A859000F1AF2 /* Debug */,
				67A949BE2580A859000F1AF2 /* Release */,
			);
			defaultConfigurationIsVisible = 0;
			defaultConfigurationName = Release;
		};
		67A949BF2580A859000F1AF2 /* Build configuration list for PBXNativeTarget "UI-67Tests" */ = {
			isa = XCConfigurationList;
			buildConfigurations = (
				67A949C02580A859000F1AF2 /* Debug */,
				67A949C12580A859000F1AF2 /* Release */,
			);
			defaultConfigurationIsVisible = 0;
			defaultConfigurationName = Release;
		};
		67A949C22580A859000F1AF2 /* Build configuration list for PBXNativeTarget "UI-67UITests" */ = {
			isa = XCConfigurationList;
			buildConfigurations = (
				67A949C32580A859000F1AF2 /* Debug */,
				67A949C42580A859000F1AF2 /* Release */,
			);
			defaultConfigurationIsVisible = 0;
			defaultConfigurationName = Release;
		};
/* End XCConfigurationList section */
	};
	rootObject = 67A9498F2580A857000F1AF2 /* Project object */;
}
